{
    "name": "柱状图，折线图，环形图，扇形图",
    "version": "1.0.0",
    "lockfileVersion": 2,
    "requires": true,
    "packages": {
        "": {
            "name": "柱状图，折线图，环形图，扇形图",
            "version": "1.0.0",
            "dependencies": {
                "image-tools": "^1.4.0"
            }
        },
        "node_modules/image-tools": {
            "version": "1.4.0",
            "resolved": "https://registry.npmmirror.com/image-tools/-/image-tools-1.4.0.tgz",
            "integrity": "sha512-TKtvJ6iUwM0mfaD4keMnk1ENHFC470QEjBfA3IlvKdEOufzvWbjbaoNcoyYq6HlViF8+d5tOS1ooE6j7CHf1lQ=="
        }
    },
    "dependencies": {
        "image-tools": {
            "version": "1.4.0",
            "resolved": "https://registry.npmmirror.com/image-tools/-/image-tools-1.4.0.tgz",
            "integrity": "sha512-TKtvJ6iUwM0mfaD4keMnk1ENHFC470QEjBfA3IlvKdEOufzvWbjbaoNcoyYq6HlViF8+d5tOS1ooE6j7CHf1lQ=="
        }
    }
}
